{
    "name": "bikeshed-server",
    "version": "1.0.0",
    "lockfileVersion": 1,
    "requires": true,
    "dependencies": {
        "@fortawesome/fontawesome-free": {
            "version": "5.8.1",
            "resolved": "https://registry.npmjs.org/@fortawesome/fontawesome-free/-/fontawesome-free-5.8.1.tgz",
            "integrity": "sha512-GJtx6e55qLEOy2gPOsok2lohjpdWNGrYGtQx0FFT/++K4SYx+Z8LlPHdQBaFzKEwH5IbBB4fNgb//uyZjgYXoA=="
        },
        "bootstrap": {
            "version": "4.3.1",
            "resolved": "https://registry.npmjs.org/bootstrap/-/bootstrap-4.3.1.tgz",
            "integrity": "sha512-rXqOmH1VilAt2DyPzluTi2blhk17bO7ef+zLLPlWvG494pDxcM234pJ8wTc/6R40UWizAIIMgxjvxZg5kmsbag=="
        },
        "flowjs": {
            "version": "1.0.0",
            "resolved": "https://registry.npmjs.org/flowjs/-/flowjs-1.0.0.tgz",
            "integrity": "sha1-YIEgwuGSMM2MZNh/PAsRywffb/E="
        },
        "jquery": {
            "version": "3.3.1",
            "resolved": "https://registry.npmjs.org/jquery/-/jquery-3.3.1.tgz",
            "integrity": "sha512-Ubldcmxp5np52/ENotGxlLe6aGMvmF4R8S6tZjsP6Knsaxd/xp3Zrh50cG93lR6nPXyUFwzN3ZSOQI0wRJNdGg=="
        },
        "jquery.easing": {
            "version": "1.4.1",
            "resolved": "https://registry.npmjs.org/jquery.easing/-/jquery.easing-1.4.1.tgz",
            "integrity": "sha1-R5gsWDa9dY/UhJSSPEoQHvbpPjs="
        },
        "popper.js": {
            "version": "1.15.0",
            "resolved": "https://registry.npmjs.org/popper.js/-/popper.js-1.15.0.tgz",
            "integrity": "sha512-w010cY1oCUmI+9KwwlWki+r5jxKfTFDVoadl7MSrIujHU5MJ5OR6HTDj6Xo8aoR/QsA56x8jKjA59qGH4ELtrA=="
        },
        "startbootstrap-agency": {
            "version": "5.0.7",
            "resolved": "https://registry.npmjs.org/startbootstrap-agency/-/startbootstrap-agency-5.0.7.tgz",
            "integrity": "sha512-ErOaHOaU5PZbQn/Li2zDFGsZOdo1rv9V1siM0MJGYNu8uPlfrgVz2Ce0QCrk5gjvwHbxWjE4Wae1PQPaqa5gpQ==",
            "requires": {
                "@fortawesome/fontawesome-free": "5.8.1",
                "bootstrap": "4.3.1",
                "jquery": "3.3.1",
                "jquery.easing": "^1.4.1"
            }
        }
    }
}
